// !$*UTF8*$!
{
	archiveVersion = 1;
	classes = {
	};
	objectVersion = 46;
	objects = {

/* Begin PBXBuildFile section */
		491293911901538100B7063E /* food_list.txt in Resources */ = {isa = PBXBuildFile; fileRef = 491293901901538100B7063E /* food_list.txt */; };
		493AE63D190615D9009AC6F5 /* commands.txt in Resources */ = {isa = PBXBuildFile; fileRef = 493AE63C190615D9009AC6F5 /* commands.txt */; };
		493AE63F1906273C009AC6F5 /* select_recipes.txt in Resources */ = {isa = PBXBuildFile; fileRef = 493AE63E1906273C009AC6F5 /* select_recipes.txt */; };
		4981D2EF1905E7D200A62CFE /* RecipeViewController.m in Sources */ = {isa = PBXBuildFile; fileRef = 4981D2EE1905E7D200A62CFE /* RecipeViewController.m */; };
		4981D2F21905E9F300A62CFE /* YummlySearch.m in Sources */ = {isa = PBXBuildFile; fileRef = 4981D2F11905E9F300A62CFE /* YummlySearch.m */; };
		49C3DD761900D5AD0097511F /* Foundation.framework in Frameworks */ = {isa = PBXBuildFile; fileRef = 49C3DD751900D5AD0097511F /* Foundation.framework */; };
		49C3DD781900D5AD0097511F /* CoreGraphics.framework in Frameworks */ = {isa = PBXBuildFile; fileRef = 49C3DD771900D5AD0097511F /* CoreGraphics.framework */; };
		49C3DD7A1900D5AD0097511F /* UIKit.framework in Frameworks */ = {isa = PBXBuildFile; fileRef = 49C3DD791900D5AD0097511F /* UIKit.framework */; };
		49C3DD801900D5AD0097511F /* InfoPlist.strings in Resources */ = {isa = PBXBuildFile; fileRef = 49C3DD7E1900D5AD0097511F /* InfoPlist.strings */; };
		49C3DD821900D5AD0097511F /* main.m in Sources */ = {isa = PBXBuildFile; fileRef = 49C3DD811900D5AD0097511F /* main.m */; };
		49C3DD861900D5AD0097511F /* AppDelegate.m in Sources */ = {isa = PBXBuildFile; fileRef = 49C3DD851900D5AD0097511F /* AppDelegate.m */; };
		49C3DD891900D5AD0097511F /* Main.storyboard in Resources */ = {isa = PBXBuildFile; fileRef = 49C3DD871900D5AD0097511F /* Main.storyboard */; };
		49C3DD8C1900D5AD0097511F /* ViewController.m in Sources */ = {isa = PBXBuildFile; fileRef = 49C3DD8B1900D5AD0097511F /* ViewController.m */; };
		49C3DD8E1900D5AD0097511F /* Images.xcassets in Resources */ = {isa = PBXBuildFile; fileRef = 49C3DD8D1900D5AD0097511F /* Images.xcassets */; };
		49C3DD951900D5AD0097511F /* XCTest.framework in Frameworks */ = {isa = PBXBuildFile; fileRef = 49C3DD941900D5AD0097511F /* XCTest.framework */; };
		49C3DD961900D5AD0097511F /* Foundation.framework in Frameworks */ = {isa = PBXBuildFile; fileRef = 49C3DD751900D5AD0097511F /* Foundation.framework */; };
		49C3DD971900D5AD0097511F /* UIKit.framework in Frameworks */ = {isa = PBXBuildFile; fileRef = 49C3DD791900D5AD0097511F /* UIKit.framework */; };
		49C3DD9F1900D5AD0097511F /* InfoPlist.strings in Resources */ = {isa = PBXBuildFile; fileRef = 49C3DD9D1900D5AD0097511F /* InfoPlist.strings */; };
		49C3DDA11900D5AD0097511F /* RecipeBuddyTests.m in Sources */ = {isa = PBXBuildFile; fileRef = 49C3DDA01900D5AD0097511F /* RecipeBuddyTests.m */; };
		49C3DDBF1900D87F0097511F /* AcousticModelEnglish.bundle in Resources */ = {isa = PBXBuildFile; fileRef = 49C3DDBB1900D87F0097511F /* AcousticModelEnglish.bundle */; };
		49C3DDC11900D87F0097511F /* OpenEars.framework in Frameworks */ = {isa = PBXBuildFile; fileRef = 49C3DDBD1900D87F0097511F /* OpenEars.framework */; };
		49C3DDC21900D87F0097511F /* Slt.framework in Frameworks */ = {isa = PBXBuildFile; fileRef = 49C3DDBE1900D87F0097511F /* Slt.framework */; };
		49C3DDC41900D8920097511F /* AVFoundation.framework in Frameworks */ = {isa = PBXBuildFile; fileRef = 49C3DDC31900D8920097511F /* AVFoundation.framework */; };
		49C3DDC61900D89D0097511F /* AudioToolbox.framework in Frameworks */ = {isa = PBXBuildFile; fileRef = 49C3DDC51900D89D0097511F /* AudioToolbox.framework */; };
		49C3DDC91900DB590097511F /* RecipePuppySearch.m in Sources */ = {isa = PBXBuildFile; fileRef = 49C3DDC81900DB590097511F /* RecipePuppySearch.m */; };
		49C3DE141900DDD00097511F /* MKAnnotationView+WebCache.m in Sources */ = {isa = PBXBuildFile; fileRef = 49C3DDF81900DDCF0097511F /* MKAnnotationView+WebCache.m */; };
		49C3DE151900DDD00097511F /* NSData+ImageContentType.m in Sources */ = {isa = PBXBuildFile; fileRef = 49C3DDFA1900DDCF0097511F /* NSData+ImageContentType.m */; };
		49C3DE161900DDD00097511F /* SDImageCache.m in Sources */ = {isa = PBXBuildFile; fileRef = 49C3DDFC1900DDCF0097511F /* SDImageCache.m */; };
		49C3DE171900DDD00097511F /* SDWebImageCompat.m in Sources */ = {isa = PBXBuildFile; fileRef = 49C3DDFE1900DDCF0097511F /* SDWebImageCompat.m */; };
		49C3DE181900DDD00097511F /* SDWebImageDecoder.m in Sources */ = {isa = PBXBuildFile; fileRef = 49C3DE001900DDCF0097511F /* SDWebImageDecoder.m */; };
		49C3DE191900DDD00097511F /* SDWebImageDownloader.m in Sources */ = {isa = PBXBuildFile; fileRef = 49C3DE021900DDCF0097511F /* SDWebImageDownloader.m */; };
		49C3DE1A1900DDD00097511F /* SDWebImageDownloaderOperation.m in Sources */ = {isa = PBXBuildFile; fileRef = 49C3DE041900DDCF0097511F /* SDWebImageDownloaderOperation.m */; };
		49C3DE1B1900DDD00097511F /* SDWebImageManager.m in Sources */ = {isa = PBXBuildFile; fileRef = 49C3DE061900DDCF0097511F /* SDWebImageManager.m */; };
		49C3DE1C1900DDD00097511F /* SDWebImagePrefetcher.m in Sources */ = {isa = PBXBuildFile; fileRef = 49C3DE091900DDCF0097511F /* SDWebImagePrefetcher.m */; };
		49C3DE1D1900DDD00097511F /* UIButton+WebCache.m in Sources */ = {isa = PBXBuildFile; fileRef = 49C3DE0B1900DDCF0097511F /* UIButton+WebCache.m */; };
		49C3DE1E1900DDD00097511F /* UIImage+GIF.m in Sources */ = {isa = PBXBuildFile; fileRef = 49C3DE0D1900DDCF0097511F /* UIImage+GIF.m */; };
		49C3DE1F1900DDD00097511F /* UIImage+MultiFormat.m in Sources */ = {isa = PBXBuildFile; fileRef = 49C3DE0F1900DDD00097511F /* UIImage+MultiFormat.m */; };
		49C3DE201900DDD00097511F /* UIImage+WebP.m in Sources */ = {isa = PBXBuildFile; fileRef = 49C3DE111900DDD00097511F /* UIImage+WebP.m */; };
		49C3DE211900DDD00097511F /* UIImageView+WebCache.m in Sources */ = {isa = PBXBuildFile; fileRef = 49C3DE131900DDD00097511F /* UIImageView+WebCache.m */; };
		49C3DE241900DE5F0097511F /* Recipe.m in Sources */ = {isa = PBXBuildFile; fileRef = 49C3DE231900DE5F0097511F /* Recipe.m */; };
		49C3DE271900E17B0097511F /* RecipeCell.m in Sources */ = {isa = PBXBuildFile; fileRef = 49C3DE261900E17B0097511F /* RecipeCell.m */; };
		49C3DE2B1900E1B30097511F /* RecipesTableViewController.m in Sources */ = {isa = PBXBuildFile; fileRef = 49C3DE2A1900E1B30097511F /* RecipesTableViewController.m */; };
/* End PBXBuildFile section */

/* Begin PBXContainerItemProxy section */
		49C3DD981900D5AD0097511F /* PBXContainerItemProxy */ = {
			isa = PBXContainerItemProxy;
			containerPortal = 49C3DD6A1900D5AD0097511F /* Project object */;
			proxyType = 1;
			remoteGlobalIDString = 49C3DD711900D5AD0097511F;
			remoteInfo = RecipeBuddy;
		};
/* End PBXContainerItemProxy section */

/* Begin PBXFileReference section */
		491293901901538100B7063E /* food_list.txt */ = {isa = PBXFileReference; fileEncoding = 4; lastKnownFileType = text; path = food_list.txt; sourceTree = "<group>"; };
		493AE63C190615D9009AC6F5 /* commands.txt */ = {isa = PBXFileReference; fileEncoding = 4; lastKnownFileType = text; path = commands.txt; sourceTree = "<group>"; };
		493AE63E1906273C009AC6F5 /* select_recipes.txt */ = {isa = PBXFileReference; fileEncoding = 4; lastKnownFileType = text; path = select_recipes.txt; sourceTree = "<group>"; };
		4981D2ED1905E7D200A62CFE /* RecipeViewController.h */ = {isa = PBXFileReference; fileEncoding = 4; lastKnownFileType = sourcecode.c.h; path = RecipeViewController.h; sourceTree = "<group>"; };
		4981D2EE1905E7D200A62CFE /* RecipeViewController.m */ = {isa = PBXFileReference; fileEncoding = 4; lastKnownFileType = sourcecode.c.objc; path = RecipeViewController.m; sourceTree = "<group>"; };
		4981D2F01905E9F300A62CFE /* YummlySearch.h */ = {isa = PBXFileReference; fileEncoding = 4; lastKnownFileType = sourcecode.c.h; path = YummlySearch.h; sourceTree = "<group>"; };
		4981D2F11905E9F300A62CFE /* YummlySearch.m */ = {isa = PBXFileReference; fileEncoding = 4; lastKnownFileType = sourcecode.c.objc; path = YummlySearch.m; sourceTree = "<group>"; };
		49C3DD721900D5AD0097511F /* RecipeBuddy.app */ = {isa = PBXFileReference; explicitFileType = wrapper.application; includeInIndex = 0; path = RecipeBuddy.app; sourceTree = BUILT_PRODUCTS_DIR; };
		49C3DD751900D5AD0097511F /* Foundation.framework */ = {isa = PBXFileReference; lastKnownFileType = wrapper.framework; name = Foundation.framework; path = System/Library/Frameworks/Foundation.framework; sourceTree = SDKROOT; };
		49C3DD771900D5AD0097511F /* CoreGraphics.framework */ = {isa = PBXFileReference; lastKnownFileType = wrapper.framework; name = CoreGraphics.framework; path = System/Library/Frameworks/CoreGraphics.framework; sourceTree = SDKROOT; };
		49C3DD791900D5AD0097511F /* UIKit.framework */ = {isa = PBXFileReference; lastKnownFileType = wrapper.framework; name = UIKit.framework; path = System/Library/Frameworks/UIKit.framework; sourceTree = SDKROOT; };
		49C3DD7D1900D5AD0097511F /* RecipeBuddy-Info.plist */ = {isa = PBXFileReference; lastKnownFileType = text.plist.xml; path = "RecipeBuddy-Info.plist"; sourceTree = "<group>"; };
		49C3DD7F1900D5AD0097511F /* en */ = {isa = PBXFileReference; lastKnownFileType = text.plist.strings; name = en; path = en.lproj/InfoPlist.strings; sourceTree = "<group>"; };
		49C3DD811900D5AD0097511F /* main.m */ = {isa = PBXFileReference; lastKnownFileType = sourcecode.c.objc; path = main.m; sourceTree = "<group>"; };
		49C3DD831900D5AD0097511F /* RecipeBuddy-Prefix.pch */ = {isa = PBXFileReference; lastKnownFileType = sourcecode.c.h; path = "RecipeBuddy-Prefix.pch"; sourceTree = "<group>"; };
		49C3DD841900D5AD0097511F /* AppDelegate.h */ = {isa = PBXFileReference; lastKnownFileType = sourcecode.c.h; path = AppDelegate.h; sourceTree = "<group>"; };
		49C3DD851900D5AD0097511F /* AppDelegate.m */ = {isa = PBXFileReference; lastKnownFileType = sourcecode.c.objc; path = AppDelegate.m; sourceTree = "<group>"; };
		49C3DD881900D5AD0097511F /* Base */ = {isa = PBXFileReference; lastKnownFileType = file.storyboard; name = Base; path = Base.lproj/Main.storyboard; sourceTree = "<group>"; };
		49C3DD8A1900D5AD0097511F /* ViewController.h */ = {isa = PBXFileReference; lastKnownFileType = sourcecode.c.h; path = ViewController.h; sourceTree = "<group>"; };
		49C3DD8B1900D5AD0097511F /* ViewController.m */ = {isa = PBXFileReference; lastKnownFileType = sourcecode.c.objc; path = ViewController.m; sourceTree = "<group>"; };
		49C3DD8D1900D5AD0097511F /* Images.xcassets */ = {isa = PBXFileReference; lastKnownFileType = folder.assetcatalog; path = Images.xcassets; sourceTree = "<group>"; };
		49C3DD931900D5AD0097511F /* RecipeBuddyTests.xctest */ = {isa = PBXFileReference; explicitFileType = wrapper.cfbundle; includeInIndex = 0; path = RecipeBuddyTests.xctest; sourceTree = BUILT_PRODUCTS_DIR; };
		49C3DD941900D5AD0097511F /* XCTest.framework */ = {isa = PBXFileReference; lastKnownFileType = wrapper.framework; name = XCTest.framework; path = Library/Frameworks/XCTest.framework; sourceTree = DEVELOPER_DIR; };
		49C3DD9C1900D5AD0097511F /* RecipeBuddyTests-Info.plist */ = {isa = PBXFileReference; lastKnownFileType = text.plist.xml; path = "RecipeBuddyTests-Info.plist"; sourceTree = "<group>"; };
		49C3DD9E1900D5AD0097511F /* en */ = {isa = PBXFileReference; lastKnownFileType = text.plist.strings; name = en; path = en.lproj/InfoPlist.strings; sourceTree = "<group>"; };
		49C3DDA01900D5AD0097511F /* RecipeBuddyTests.m */ = {isa = PBXFileReference; lastKnownFileType = sourcecode.c.objc; path = RecipeBuddyTests.m; sourceTree = "<group>"; };
		49C3DDBB1900D87F0097511F /* AcousticModelEnglish.bundle */ = {isa = PBXFileReference; lastKnownFileType = "wrapper.plug-in"; name = AcousticModelEnglish.bundle; path = ../../../OpenEarsDistribution/Framework/AcousticModelEnglish.bundle; sourceTree = "<group>"; };
		49C3DDBD1900D87F0097511F /* OpenEars.framework */ = {isa = PBXFileReference; lastKnownFileType = wrapper.framework; name = OpenEars.framework; path = ../../../OpenEarsDistribution/Framework/OpenEars.framework; sourceTree = "<group>"; };
		49C3DDBE1900D87F0097511F /* Slt.framework */ = {isa = PBXFileReference; lastKnownFileType = wrapper.framework; name = Slt.framework; path = ../../../OpenEarsDistribution/Framework/Slt.framework; sourceTree = "<group>"; };
		49C3DDC31900D8920097511F /* AVFoundation.framework */ = {isa = PBXFileReference; lastKnownFileType = wrapper.framework; name = AVFoundation.framework; path = System/Library/Frameworks/AVFoundation.framework; sourceTree = SDKROOT; };
		49C3DDC51900D89D0097511F /* AudioToolbox.framework */ = {isa = PBXFileReference; lastKnownFileType = wrapper.framework; name = AudioToolbox.framework; path = System/Library/Frameworks/AudioToolbox.framework; sourceTree = SDKROOT; };
		49C3DDC71900DB590097511F /* RecipePuppySearch.h */ = {isa = PBXFileReference; fileEncoding = 4; lastKnownFileType = sourcecode.c.h; path = RecipePuppySearch.h; sourceTree = "<group>"; };
		49C3DDC81900DB590097511F /* RecipePuppySearch.m */ = {isa = PBXFileReference; fileEncoding = 4; lastKnownFileType = sourcecode.c.objc; path = RecipePuppySearch.m; sourceTree = "<group>"; };
		49C3DDF71900DDCF0097511F /* MKAnnotationView+WebCache.h */ = {isa = PBXFileReference; fileEncoding = 4; lastKnownFileType = sourcecode.c.h; path = "MKAnnotationView+WebCache.h"; sourceTree = "<group>"; };
		49C3DDF81900DDCF0097511F /* MKAnnotationView+WebCache.m */ = {isa = PBXFileReference; fileEncoding = 4; lastKnownFileType = sourcecode.c.objc; path = "MKAnnotationView+WebCache.m"; sourceTree = "<group>"; };
		49C3DDF91900DDCF0097511F /* NSData+ImageContentType.h */ = {isa = PBXFileReference; fileEncoding = 4; lastKnownFileType = sourcecode.c.h; path = "NSData+ImageContentType.h"; sourceTree = "<group>"; };
		49C3DDFA1900DDCF0097511F /* NSData+ImageContentType.m */ = {isa = PBXFileReference; fileEncoding = 4; lastKnownFileType = sourcecode.c.objc; path = "NSData+ImageContentType.m"; sourceTree = "<group>"; };
		49C3DDFB1900DDCF0097511F /* SDImageCache.h */ = {isa = PBXFileReference; fileEncoding = 4; lastKnownFileType = sourcecode.c.h; path = SDImageCache.h; sourceTree = "<group>"; };
		49C3DDFC1900DDCF0097511F /* SDImageCache.m */ = {isa = PBXFileReference; fileEncoding = 4; lastKnownFileType = sourcecode.c.objc; path = SDImageCache.m; sourceTree = "<group>"; };
		49C3DDFD1900DDCF0097511F /* SDWebImageCompat.h */ = {isa = PBXFileReference; fileEncoding = 4; lastKnownFileType = sourcecode.c.h; path = SDWebImageCompat.h; sourceTree = "<group>"; };
		49C3DDFE1900DDCF0097511F /* SDWebImageCompat.m */ = {isa = PBXFileReference; fileEncoding = 4; lastKnownFileType = sourcecode.c.objc; path = SDWebImageCompat.m; sourceTree = "<group>"; };
		49C3DDFF1900DDCF0097511F /* SDWebImageDecoder.h */ = {isa = PBXFileReference; fileEncoding = 4; lastKnownFileType = sourcecode.c.h; path = SDWebImageDecoder.h; sourceTree = "<group>"; };
		49C3DE001900DDCF0097511F /* SDWebImageDecoder.m */ = {isa = PBXFileReference; fileEncoding = 4; lastKnownFileType = sourcecode.c.objc; path = SDWebImageDecoder.m; sourceTree = "<group>"; };
		49C3DE011900DDCF0097511F /* SDWebImageDownloader.h */ = {isa = PBXFileReference; fileEncoding = 4; lastKnownFileType = sourcecode.c.h; path = SDWebImageDownloader.h; sourceTree = "<group>"; };
		49C3DE021900DDCF0097511F /* SDWebImageDownloader.m */ = {isa = PBXFileReference; fileEncoding = 4; lastKnownFileType = sourcecode.c.objc; path = SDWebImageDownloader.m; sourceTree = "<group>"; };
		49C3DE031900DDCF0097511F /* SDWebImageDownloaderOperation.h */ = {isa = PBXFileReference; fileEncoding = 4; lastKnownFileType = sourcecode.c.h; path = SDWebImageDownloaderOperation.h; sourceTree = "<group>"; };
		49C3DE041900DDCF0097511F /* SDWebImageDownloaderOperation.m */ = {isa = PBXFileReference; fileEncoding = 4; lastKnownFileType = sourcecode.c.objc; path = SDWebImageDownloaderOperation.m; sourceTree = "<group>"; };
		49C3DE051900DDCF0097511F /* SDWebImageManager.h */ = {isa = PBXFileReference; fileEncoding = 4; lastKnownFileType = sourcecode.c.h; path = SDWebImageManager.h; sourceTree = "<group>"; };
		49C3DE061900DDCF0097511F /* SDWebImageManager.m */ = {isa = PBXFileReference; fileEncoding = 4; lastKnownFileType = sourcecode.c.objc; path = SDWebImageManager.m; sourceTree = "<group>"; };
		49C3DE071900DDCF0097511F /* SDWebImageOperation.h */ = {isa = PBXFileReference; fileEncoding = 4; lastKnownFileType = sourcecode.c.h; path = SDWebImageOperation.h; sourceTree = "<group>"; };
		49C3DE081900DDCF0097511F /* SDWebImagePrefetcher.h */ = {isa = PBXFileReference; fileEncoding = 4; lastKnownFileType = sourcecode.c.h; path = SDWebImagePrefetcher.h; sourceTree = "<group>"; };
		49C3DE091900DDCF0097511F /* SDWebImagePrefetcher.m */ = {isa = PBXFileReference; fileEncoding = 4; lastKnownFileType = sourcecode.c.objc; path = SDWebImagePrefetcher.m; sourceTree = "<group>"; };
		49C3DE0A1900DDCF0097511F /* UIButton+WebCache.h */ = {isa = PBXFileReference; fileEncoding = 4; lastKnownFileType = sourcecode.c.h; path = "UIButton+WebCache.h"; sourceTree = "<group>"; };
		49C3DE0B1900DDCF0097511F /* UIButton+WebCache.m */ = {isa = PBXFileReference; fileEncoding = 4; lastKnownFileType = sourcecode.c.objc; path = "UIButton+WebCache.m"; sourceTree = "<group>"; };
		49C3DE0C1900DDCF0097511F /* UIImage+GIF.h */ = {isa = PBXFileReference; fileEncoding = 4; lastKnownFileType = sourcecode.c.h; path = "UIImage+GIF.h"; sourceTree = "<group>"; };
		49C3DE0D1900DDCF0097511F /* UIImage+GIF.m */ = {isa = PBXFileReference; fileEncoding = 4; lastKnownFileType = sourcecode.c.objc; path = "UIImage+GIF.m"; sourceTree = "<group>"; };
		49C3DE0E1900DDD00097511F /* UIImage+MultiFormat.h */ = {isa = PBXFileReference; fileEncoding = 4; lastKnownFileType = sourcecode.c.h; path = "UIImage+MultiFormat.h"; sourceTree = "<group>"; };
		49C3DE0F1900DDD00097511F /* UIImage+MultiFormat.m */ = {isa = PBXFileReference; fileEncoding = 4; lastKnownFileType = sourcecode.c.objc; path = "UIImage+MultiFormat.m"; sourceTree = "<group>"; };
		49C3DE101900DDD00097511F /* UIImage+WebP.h */ = {isa = PBXFileReference; fileEncoding = 4; lastKnownFileType = sourcecode.c.h; path = "UIImage+WebP.h"; sourceTree = "<group>"; };
		49C3DE111900DDD00097511F /* UIImage+WebP.m */ = {isa = PBXFileReference; fileEncoding = 4; lastKnownFileType = sourcecode.c.objc; path = "UIImage+WebP.m"; sourceTree = "<group>"; };
		49C3DE121900DDD00097511F /* UIImageView+WebCache.h */ = {isa = PBXFileReference; fileEncoding = 4; lastKnownFileType = sourcecode.c.h; path = "UIImageView+WebCache.h"; sourceTree = "<group>"; };
		49C3DE131900DDD00097511F /* UIImageView+WebCache.m */ = {isa = PBXFileReference; fileEncoding = 4; lastKnownFileType = sourcecode.c.objc; path = "UIImageView+WebCache.m"; sourceTree = "<group>"; };
		49C3DE221900DE5F0097511F /* Recipe.h */ = {isa = PBXFileReference; fileEncoding = 4; lastKnownFileType = sourcecode.c.h; path = Recipe.h; sourceTree = "<group>"; };
		49C3DE231900DE5F0097511F /* Recipe.m */ = {isa = PBXFileReference; fileEncoding = 4; lastKnownFileType = sourcecode.c.objc; path = Recipe.m; sourceTree = "<group>"; };
		49C3DE251900E17B0097511F /* RecipeCell.h */ = {isa = PBXFileReference; fileEncoding = 4; lastKnownFileType = sourcecode.c.h; path = RecipeCell.h; sourceTree = "<group>"; };
		49C3DE261900E17B0097511F /* RecipeCell.m */ = {isa = PBXFileReference; fileEncoding = 4; lastKnownFileType = sourcecode.c.objc; path = RecipeCell.m; sourceTree = "<group>"; };
		49C3DE291900E1B30097511F /* RecipesTableViewController.h */ = {isa = PBXFileReference; fileEncoding = 4; lastKnownFileType = sourcecode.c.h; path = RecipesTableViewController.h; sourceTree = "<group>"; };
		49C3DE2A1900E1B30097511F /* RecipesTableViewController.m */ = {isa = PBXFileReference; fileEncoding = 4; lastKnownFileType = sourcecode.c.objc; path = RecipesTableViewController.m; sourceTree = "<group>"; };
/* End PBXFileReference section */

/* Begin PBXFrameworksBuildPhase section */
		49C3DD6F1900D5AD0097511F /* Frameworks */ = {
			isa = PBXFrameworksBuildPhase;
			buildActionMask = 2147483647;
			files = (
				49C3DDC61900D89D0097511F /* AudioToolbox.framework in Frameworks */,
				49C3DDC41900D8920097511F /* AVFoundation.framework in Frameworks */,
				49C3DDC21900D87F0097511F /* Slt.framework in Frameworks */,
				49C3DD781900D5AD0097511F /* CoreGraphics.framework in Frameworks */,
				49C3DD7A1900D5AD0097511F /* UIKit.framework in Frameworks */,
				49C3DD761900D5AD0097511F /* Foundation.framework in Frameworks */,
				49C3DDC11900D87F0097511F /* OpenEars.framework in Frameworks */,
			);
			runOnlyForDeploymentPostprocessing = 0;
		};
		49C3DD901900D5AD0097511F /* Frameworks */ = {
			isa = PBXFrameworksBuildPhase;
			buildActionMask = 2147483647;
			files = (
				49C3DD951900D5AD0097511F /* XCTest.framework in Frameworks */,
				49C3DD971900D5AD0097511F /* UIKit.framework in Frameworks */,
				49C3DD961900D5AD0097511F /* Foundation.framework in Frameworks */,
			);
			runOnlyForDeploymentPostprocessing = 0;
		};
/* End PBXFrameworksBuildPhase section */

/* Begin PBXGroup section */
		4981D2F31905F04400A62CFE /* RecipeSearch */ = {
			isa = PBXGroup;
			children = (
				49C3DDC71900DB590097511F /* RecipePuppySearch.h */,
				49C3DDC81900DB590097511F /* RecipePuppySearch.m */,
				4981D2F01905E9F300A62CFE /* YummlySearch.h */,
				4981D2F11905E9F300A62CFE /* YummlySearch.m */,
			);
			name = RecipeSearch;
			sourceTree = "<group>";
		};
		49C3DD691900D5AD0097511F = {
			isa = PBXGroup;
			children = (
				49C3DD7B1900D5AD0097511F /* RecipeBuddy */,
				49C3DD9A1900D5AD0097511F /* RecipeBuddyTests */,
				49C3DD741900D5AD0097511F /* Frameworks */,
				49C3DD731900D5AD0097511F /* Products */,
			);
			sourceTree = "<group>";
		};
		49C3DD731900D5AD0097511F /* Products */ = {
			isa = PBXGroup;
			children = (
				49C3DD721900D5AD0097511F /* RecipeBuddy.app */,
				49C3DD931900D5AD0097511F /* RecipeBuddyTests.xctest */,
			);
			name = Products;
			sourceTree = "<group>";
		};
		49C3DD741900D5AD0097511F /* Frameworks */ = {
			isa = PBXGroup;
			children = (
				49C3DDC51900D89D0097511F /* AudioToolbox.framework */,
				49C3DDC31900D8920097511F /* AVFoundation.framework */,
				49C3DDBB1900D87F0097511F /* AcousticModelEnglish.bundle */,
				49C3DDBD1900D87F0097511F /* OpenEars.framework */,
				49C3DDBE1900D87F0097511F /* Slt.framework */,
				49C3DD751900D5AD0097511F /* Foundation.framework */,
				49C3DD771900D5AD0097511F /* CoreGraphics.framework */,
				49C3DD791900D5AD0097511F /* UIKit.framework */,
				49C3DD941900D5AD0097511F /* XCTest.framework */,
			);
			name = Frameworks;
			sourceTree = "<group>";
		};
		49C3DD7B1900D5AD0097511F /* RecipeBuddy */ = {
			isa = PBXGroup;
			children = (
				49C3DDAB1900D6420097511F /* Model */,
				49C3DDAC1900D6480097511F /* View */,
				49C3DDAD1900D64E0097511F /* Controller */,
				49C3DD8D1900D5AD0097511F /* Images.xcassets */,
				49C3DD7C1900D5AD0097511F /* Supporting Files */,
			);
			path = RecipeBuddy;
			sourceTree = "<group>";
		};
		49C3DD7C1900D5AD0097511F /* Supporting Files */ = {
			isa = PBXGroup;
			children = (
				49C3DDF61900DDCF0097511F /* SDWebImage */,
				49C3DD7D1900D5AD0097511F /* RecipeBuddy-Info.plist */,
				49C3DD7E1900D5AD0097511F /* InfoPlist.strings */,
				49C3DD811900D5AD0097511F /* main.m */,
				49C3DD831900D5AD0097511F /* RecipeBuddy-Prefix.pch */,
			);
			name = "Supporting Files";
			sourceTree = "<group>";
		};
		49C3DD9A1900D5AD0097511F /* RecipeBuddyTests */ = {
			isa = PBXGroup;
			children = (
				49C3DDA01900D5AD0097511F /* RecipeBuddyTests.m */,
				49C3DD9B1900D5AD0097511F /* Supporting Files */,
			);
			path = RecipeBuddyTests;
			sourceTree = "<group>";
		};
		49C3DD9B1900D5AD0097511F /* Supporting Files */ = {
			isa = PBXGroup;
			children = (
				49C3DD9C1900D5AD0097511F /* RecipeBuddyTests-Info.plist */,
				49C3DD9D1900D5AD0097511F /* InfoPlist.strings */,
			);
			name = "Supporting Files";
			sourceTree = "<group>";
		};
		49C3DDAB1900D6420097511F /* Model */ = {
			isa = PBXGroup;
			children = (
				491293901901538100B7063E /* food_list.txt */,
				493AE63E1906273C009AC6F5 /* select_recipes.txt */,
				493AE63C190615D9009AC6F5 /* commands.txt */,
				49C3DD841900D5AD0097511F /* AppDelegate.h */,
				49C3DD851900D5AD0097511F /* AppDelegate.m */,
				49C3DE221900DE5F0097511F /* Recipe.h */,
				49C3DE231900DE5F0097511F /* Recipe.m */,
				4981D2F31905F04400A62CFE /* RecipeSearch */,
			);
			name = Model;
			sourceTree = "<group>";
		};
		49C3DDAC1900D6480097511F /* View */ = {
			isa = PBXGroup;
			children = (
				49C3DE281900E1800097511F /* Cells */,
				49C3DD871900D5AD0097511F /* Main.storyboard */,
			);
			name = View;
			sourceTree = "<group>";
		};
		49C3DDAD1900D64E0097511F /* Controller */ = {
			isa = PBXGroup;
			children = (
				49C3DD8A1900D5AD0097511F /* ViewController.h */,
				49C3DD8B1900D5AD0097511F /* ViewController.m */,
				49C3DE291900E1B30097511F /* RecipesTableViewController.h */,
				49C3DE2A1900E1B30097511F /* RecipesTableViewController.m */,
				4981D2ED1905E7D200A62CFE /* RecipeViewController.h */,
				4981D2EE1905E7D200A62CFE /* RecipeViewController.m */,
			);
			name = Controller;
			sourceTree = "<group>";
		};
		49C3DDF61900DDCF0097511F /* SDWebImage */ = {
			isa = PBXGroup;
			children = (
				49C3DDF71900DDCF0097511F /* MKAnnotationView+WebCache.h */,
				49C3DDF81900DDCF0097511F /* MKAnnotationView+WebCache.m */,
				49C3DDF91900DDCF0097511F /* NSData+ImageContentType.h */,
				49C3DDFA1900DDCF0097511F /* NSData+ImageContentType.m */,
				49C3DDFB1900DDCF0097511F /* SDImageCache.h */,
				49C3DDFC1900DDCF0097511F /* SDImageCache.m */,
				49C3DDFD1900DDCF0097511F /* SDWebImageCompat.h */,
				49C3DDFE1900DDCF0097511F /* SDWebImageCompat.m */,
				49C3DDFF1900DDCF0097511F /* SDWebImageDecoder.h */,
				49C3DE001900DDCF0097511F /* SDWebImageDecoder.m */,
				49C3DE011900DDCF0097511F /* SDWebImageDownloader.h */,
				49C3DE021900DDCF0097511F /* SDWebImageDownloader.m */,
				49C3DE031900DDCF0097511F /* SDWebImageDownloaderOperation.h */,
				49C3DE041900DDCF0097511F /* SDWebImageDownloaderOperation.m */,
				49C3DE051900DDCF0097511F /* SDWebImageManager.h */,
				49C3DE061900DDCF0097511F /* SDWebImageManager.m */,
				49C3DE071900DDCF0097511F /* SDWebImageOperation.h */,
				49C3DE081900DDCF0097511F /* SDWebImagePrefetcher.h */,
				49C3DE091900DDCF0097511F /* SDWebImagePrefetcher.m */,
				49C3DE0A1900DDCF0097511F /* UIButton+WebCache.h */,
				49C3DE0B1900DDCF0097511F /* UIButton+WebCache.m */,
				49C3DE0C1900DDCF0097511F /* UIImage+GIF.h */,
				49C3DE0D1900DDCF0097511F /* UIImage+GIF.m */,
				49C3DE0E1900DDD00097511F /* UIImage+MultiFormat.h */,
				49C3DE0F1900DDD00097511F /* UIImage+MultiFormat.m */,
				49C3DE101900DDD00097511F /* UIImage+WebP.h */,
				49C3DE111900DDD00097511F /* UIImage+WebP.m */,
				49C3DE121900DDD00097511F /* UIImageView+WebCache.h */,
				49C3DE131900DDD00097511F /* UIImageView+WebCache.m */,
			);
			name = SDWebImage;
			path = ../../../../SDWebImage;
			sourceTree = "<group>";
		};
		49C3DE281900E1800097511F /* Cells */ = {
			isa = PBXGroup;
			children = (
				49C3DE251900E17B0097511F /* RecipeCell.h */,
				49C3DE261900E17B0097511F /* RecipeCell.m */,
			);
			name = Cells;
			sourceTree = "<group>";
		};
/* End PBXGroup section */

/* Begin PBXNativeTarget section */
		49C3DD711900D5AD0097511F /* RecipeBuddy */ = {
			isa = PBXNativeTarget;
			buildConfigurationList = 49C3DDA41900D5AD0097511F /* Build configuration list for PBXNativeTarget "RecipeBuddy" */;
			buildPhases = (
				49C3DD6E1900D5AD0097511F /* Sources */,
				49C3DD6F1900D5AD0097511F /* Frameworks */,
				49C3DD701900D5AD0097511F /* Resources */,
			);
			buildRules = (
			);
			dependencies = (
			);
			name = RecipeBuddy;
			productName = RecipeBuddy;
			productReference = 49C3DD721900D5AD0097511F /* RecipeBuddy.app */;
			productType = "com.apple.product-type.application";
		};
		49C3DD921900D5AD0097511F /* RecipeBuddyTests */ = {
			isa = PBXNativeTarget;
			buildConfigurationList = 49C3DDA71900D5AD0097511F /* Build configuration list for PBXNativeTarget "RecipeBuddyTests" */;
			buildPhases = (
				49C3DD8F1900D5AD0097511F /* Sources */,
				49C3DD901900D5AD0097511F /* Frameworks */,
				49C3DD911900D5AD0097511F /* Resources */,
			);
			buildRules = (
			);
			dependencies = (
				49C3DD991900D5AD0097511F /* PBXTargetDependency */,
			);
			name = RecipeBuddyTests;
			productName = RecipeBuddyTests;
			productReference = 49C3DD931900D5AD0097511F /* RecipeBuddyTests.xctest */;
			productType = "com.apple.product-type.bundle.unit-test";
		};
/* End PBXNativeTarget section */

/* Begin PBXProject section */
		49C3DD6A1900D5AD0097511F /* Project object */ = {
			isa = PBXProject;
			attributes = {
				LastUpgradeCheck = 0510;
				ORGANIZATIONNAME = "Sumedha Pramod";
				TargetAttributes = {
					49C3DD711900D5AD0097511F = {
						DevelopmentTeam = 69ZDK4Y6QX;
					};
					49C3DD921900D5AD0097511F = {
						TestTargetID = 49C3DD711900D5AD0097511F;
					};
				};
			};
			buildConfigurationList = 49C3DD6D1900D5AD0097511F /* Build configuration list for PBXProject "RecipeBuddy" */;
			compatibilityVersion = "Xcode 3.2";
			developmentRegion = English;
			hasScannedForEncodings = 0;
			knownRegions = (
				en,
				Base,
			);
			mainGroup = 49C3DD691900D5AD0097511F;
			productRefGroup = 49C3DD731900D5AD0097511F /* Products */;
			projectDirPath = "";
			projectRoot = "";
			targets = (
				49C3DD711900D5AD0097511F /* RecipeBuddy */,
				49C3DD921900D5AD0097511F /* RecipeBuddyTests */,
			);
		};
/* End PBXProject section */

/* Begin PBXResourcesBuildPhase section */
		49C3DD701900D5AD0097511F /* Resources */ = {
			isa = PBXResourcesBuildPhase;
			buildActionMask = 2147483647;
			files = (
				493AE63D190615D9009AC6F5 /* commands.txt in Resources */,
				49C3DD8E1900D5AD0097511F /* Images.xcassets in Resources */,
				491293911901538100B7063E /* food_list.txt in Resources */,
				493AE63F1906273C009AC6F5 /* select_recipes.txt in Resources */,
				49C3DD801900D5AD0097511F /* InfoPlist.strings in Resources */,
				49C3DDBF1900D87F0097511F /* AcousticModelEnglish.bundle in Resources */,
				49C3DD891900D5AD0097511F /* Main.storyboard in Resources */,
			);
			runOnlyForDeploymentPostprocessing = 0;
		};
		49C3DD911900D5AD0097511F /* Resources */ = {
			isa = PBXResourcesBuildPhase;
			buildActionMask = 2147483647;
			files = (
				49C3DD9F1900D5AD0097511F /* InfoPlist.strings in Resources */,
			);
			runOnlyForDeploymentPostprocessing = 0;
		};
/* End PBXResourcesBuildPhase section */

/* Begin PBXSourcesBuildPhase section */
		49C3DD6E1900D5AD0097511F /* Sources */ = {
			isa = PBXSourcesBuildPhase;
			buildActionMask = 2147483647;
			files = (
				49C3DE1F1900DDD00097511F /* UIImage+MultiFormat.m in Sources */,
				49C3DE1A1900DDD00097511F /* SDWebImageDownloaderOperation.m in Sources */,
				49C3DD8C1900D5AD0097511F /* ViewController.m in Sources */,
				49C3DE2B1900E1B30097511F /* RecipesTableViewController.m in Sources */,
				4981D2F21905E9F300A62CFE /* YummlySearch.m in Sources */,
				49C3DE171900DDD00097511F /* SDWebImageCompat.m in Sources */,
				49C3DE1E1900DDD00097511F /* UIImage+GIF.m in Sources */,
				49C3DE1C1900DDD00097511F /* SDWebImagePrefetcher.m in Sources */,
				49C3DD861900D5AD0097511F /* AppDelegate.m in Sources */,
				49C3DDC91900DB590097511F /* RecipePuppySearch.m in Sources */,
				49C3DE201900DDD00097511F /* UIImage+WebP.m in Sources */,
				49C3DE191900DDD00097511F /* SDWebImageDownloader.m in Sources */,
				49C3DE1D1900DDD00097511F /* UIButton+WebCache.m in Sources */,
				49C3DE141900DDD00097511F /* MKAnnotationView+WebCache.m in Sources */,
				49C3DE151900DDD00097511F /* NSData+ImageContentType.m in Sources */,
				49C3DD821900D5AD0097511F /* main.m in Sources */,
				49C3DE241900DE5F0097511F /* Recipe.m in Sources */,
				49C3DE211900DDD00097511F /* UIImageView+WebCache.m in Sources */,
				49C3DE1B1900DDD00097511F /* SDWebImageManager.m in Sources */,
				49C3DE181900DDD00097511F /* SDWebImageDecoder.m in Sources */,
				49C3DE161900DDD00097511F /* SDImageCache.m in Sources */,
				49C3DE271900E17B0097511F /* RecipeCell.m in Sources */,
				4981D2EF1905E7D200A62CFE /* RecipeViewController.m in Sources */,
			);
			runOnlyForDeploymentPostprocessing = 0;
		};
		49C3DD8F1900D5AD0097511F /* Sources */ = {
			isa = PBXSourcesBuildPhase;
			buildActionMask = 2147483647;
			files = (
				49C3DDA11900D5AD0097511F /* RecipeBuddyTests.m in Sources */,
			);
			runOnlyForDeploymentPostprocessing = 0;
		};
/* End PBXSourcesBuildPhase section */

/* Begin PBXTargetDependency section */
		49C3DD991900D5AD0097511F /* PBXTargetDependency */ = {
			isa = PBXTargetDependency;
			target = 49C3DD711900D5AD0097511F /* RecipeBuddy */;
			targetProxy = 49C3DD981900D5AD0097511F /* PBXContainerItemProxy */;
		};
/* End PBXTargetDependency section */

/* Begin PBXVariantGroup section */
		49C3DD7E1900D5AD0097511F /* InfoPlist.strings */ = {
			isa = PBXVariantGroup;
			children = (
				49C3DD7F1900D5AD0097511F /* en */,
			);
			name = InfoPlist.strings;
			sourceTree = "<group>";
		};
		49C3DD871900D5AD0097511F /* Main.storyboard */ = {
			isa = PBXVariantGroup;
			children = (
				49C3DD881900D5AD0097511F /* Base */,
			);
			name = Main.storyboard;
			sourceTree = "<group>";
		};
		49C3DD9D1900D5AD0097511F /* InfoPlist.strings */ = {
			isa = PBXVariantGroup;
			children = (
				49C3DD9E1900D5AD0097511F /* en */,
			);
			name = InfoPlist.strings;
			sourceTree = "<group>";
		};
/* End PBXVariantGroup section */

/* Begin XCBuildConfiguration section */
		49C3DDA21900D5AD0097511F /* Debug */ = {
			isa = XCBuildConfiguration;
			buildSettings = {
				ALWAYS_SEARCH_USER_PATHS = NO;
				CLANG_CXX_LANGUAGE_STANDARD = "gnu++0x";
				CLANG_CXX_LIBRARY = "libc++";
				CLANG_ENABLE_MODULES = YES;
				CLANG_ENABLE_OBJC_ARC = YES;
				CLANG_WARN_BOOL_CONVERSION = YES;
				CLANG_WARN_CONSTANT_CONVERSION = YES;
				CLANG_WARN_DIRECT_OBJC_ISA_USAGE = YES_ERROR;
				CLANG_WARN_EMPTY_BODY = YES;
				CLANG_WARN_ENUM_CONVERSION = YES;
				CLANG_WARN_INT_CONVERSION = YES;
				CLANG_WARN_OBJC_ROOT_CLASS = YES_ERROR;
				CLANG_WARN__DUPLICATE_METHOD_MATCH = YES;
				"CODE_SIGN_IDENTITY[sdk=iphoneos*]" = "iPhone Developer";
				COPY_PHASE_STRIP = NO;
				GCC_C_LANGUAGE_STANDARD = gnu99;
				GCC_DYNAMIC_NO_PIC = NO;
				GCC_OPTIMIZATION_LEVEL = 0;
				GCC_PREPROCESSOR_DEFINITIONS = (
					"DEBUG=1",
					"$(inherited)",
				);
				GCC_SYMBOLS_PRIVATE_EXTERN = NO;
				GCC_WARN_64_TO_32_BIT_CONVERSION = YES;
				GCC_WARN_ABOUT_RETURN_TYPE = YES_ERROR;
				GCC_WARN_UNDECLARED_SELECTOR = YES;
				GCC_WARN_UNINITIALIZED_AUTOS = YES_AGGRESSIVE;
				GCC_WARN_UNUSED_FUNCTION = YES;
				GCC_WARN_UNUSED_VARIABLE = YES;
				IPHONEOS_DEPLOYMENT_TARGET = 7.1;
				ONLY_ACTIVE_ARCH = YES;
				SDKROOT = iphoneos;
			};
			name = Debug;
		};
		49C3DDA31900D5AD0097511F /* Release */ = {
			isa = XCBuildConfiguration;
			buildSettings = {
				ALWAYS_SEARCH_USER_PATHS = NO;
				CLANG_CXX_LANGUAGE_STANDARD = "gnu++0x";
				CLANG_CXX_LIBRARY = "libc++";
				CLANG_ENABLE_MODULES = YES;
				CLANG_ENABLE_OBJC_ARC = YES;
				CLANG_WARN_BOOL_CONVERSION = YES;
				CLANG_WARN_CONSTANT_CONVERSION = YES;
				CLANG_WARN_DIRECT_OBJC_ISA_USAGE = YES_ERROR;
				CLANG_WARN_EMPTY_BODY = YES;
				CLANG_WARN_ENUM_CONVERSION = YES;
				CLANG_WARN_INT_CONVERSION = YES;
				CLANG_WARN_OBJC_ROOT_CLASS = YES_ERROR;
				CLANG_WARN__DUPLICATE_METHOD_MATCH = YES;
				"CODE_SIGN_IDENTITY[sdk=iphoneos*]" = "iPhone Developer";
				COPY_PHASE_STRIP = YES;
				ENABLE_NS_ASSERTIONS = NO;
				GCC_C_LANGUAGE_STANDARD = gnu99;
				GCC_WARN_64_TO_32_BIT_CONVERSION = YES;
				GCC_WARN_ABOUT_RETURN_TYPE = YES_ERROR;
				GCC_WARN_UNDECLARED_SELECTOR = YES;
				GCC_WARN_UNINITIALIZED_AUTOS = YES_AGGRESSIVE;
				GCC_WARN_UNUSED_FUNCTION = YES;
				GCC_WARN_UNUSED_VARIABLE = YES;
				IPHONEOS_DEPLOYMENT_TARGET = 7.1;
				SDKROOT = iphoneos;
				VALIDATE_PRODUCT = YES;
			};
			name = Release;
		};
		49C3DDA51900D5AD0097511F /* Debug */ = {
			isa = XCBuildConfiguration;
			buildSettings = {
				ASSETCATALOG_COMPILER_APPICON_NAME = AppIcon;
				ASSETCATALOG_COMPILER_LAUNCHIMAGE_NAME = LaunchImage;
				CODE_SIGN_IDENTITY = "iPhone Developer";
				FRAMEWORK_SEARCH_PATHS = (
					"$(inherited)",
					"$(PROJECT_DIR)/Framework",
					/Users/pramods/OpenEarsDistribution/Framework,
				);
				GCC_PRECOMPILE_PREFIX_HEADER = YES;
				GCC_PREFIX_HEADER = "RecipeBuddy/RecipeBuddy-Prefix.pch";
				INFOPLIST_FILE = "RecipeBuddy/RecipeBuddy-Info.plist";
				PRODUCT_NAME = "$(TARGET_NAME)";
				WRAPPER_EXTENSION = app;
			};
			name = Debug;
		};
		49C3DDA61900D5AD0097511F /* Release */ = {
			isa = XCBuildConfiguration;
			buildSettings = {
				ASSETCATALOG_COMPILER_APPICON_NAME = AppIcon;
				ASSETCATALOG_COMPILER_LAUNCHIMAGE_NAME = LaunchImage;
				CODE_SIGN_IDENTITY = "iPhone Developer";
				FRAMEWORK_SEARCH_PATHS = (
					"$(inherited)",
					"$(PROJECT_DIR)/Framework",
					/Users/pramods/OpenEarsDistribution/Framework,
				);
				GCC_PRECOMPILE_PREFIX_HEADER = YES;
				GCC_PREFIX_HEADER = "RecipeBuddy/RecipeBuddy-Prefix.pch";
				INFOPLIST_FILE = "RecipeBuddy/RecipeBuddy-Info.plist";
				PRODUCT_NAME = "$(TARGET_NAME)";
				WRAPPER_EXTENSION = app;
			};
			name = Release;
		};
		49C3DDA81900D5AD0097511F /* Debug */ = {
			isa = XCBuildConfiguration;
			buildSettings = {
				BUNDLE_LOADER = "$(BUILT_PRODUCTS_DIR)/RecipeBuddy.app/RecipeBuddy";
				FRAMEWORK_SEARCH_PATHS = (
					"$(SDKROOT)/Developer/Library/Frameworks",
					"$(inherited)",
					"$(DEVELOPER_FRAMEWORKS_DIR)",
				);
				GCC_PRECOMPILE_PREFIX_HEADER = YES;
				GCC_PREFIX_HEADER = "RecipeBuddy/RecipeBuddy-Prefix.pch";
				GCC_PREPROCESSOR_DEFINITIONS = (
					"DEBUG=1",
					"$(inherited)",
				);
				INFOPLIST_FILE = "RecipeBuddyTests/RecipeBuddyTests-Info.plist";
				PRODUCT_NAME = "$(TARGET_NAME)";
				TEST_HOST = "$(BUNDLE_LOADER)";
				WRAPPER_EXTENSION = xctest;
			};
			name = Debug;
		};
		49C3DDA91900D5AD0097511F /* Release */ = {
			isa = XCBuildConfiguration;
			buildSettings = {
				BUNDLE_LOADER = "$(BUILT_PRODUCTS_DIR)/RecipeBuddy.app/RecipeBuddy";
				FRAMEWORK_SEARCH_PATHS = (
					"$(SDKROOT)/Developer/Library/Frameworks",
					"$(inherited)",
					"$(DEVELOPER_FRAMEWORKS_DIR)",
				);
				GCC_PRECOMPILE_PREFIX_HEADER = YES;
				GCC_PREFIX_HEADER = "RecipeBuddy/RecipeBuddy-Prefix.pch";
				INFOPLIST_FILE = "RecipeBuddyTests/RecipeBuddyTests-Info.plist";
				PRODUCT_NAME = "$(TARGET_NAME)";
				TEST_HOST = "$(BUNDLE_LOADER)";
				WRAPPER_EXTENSION = xctest;
			};
			name = Release;
		};
/* End XCBuildConfiguration section */

/* Begin XCConfigurationList section */
		49C3DD6D1900D5AD0097511F /* Build configuration list for PBXProject "RecipeBuddy" */ = {
			isa = XCConfigurationList;
			buildConfigurations = (
				49C3DDA21900D5AD0097511F /* Debug */,
				49C3DDA31900D5AD0097511F /* Release */,
			);
			defaultConfigurationIsVisible = 0;
			defaultConfigurationName = Release;
		};
		49C3DDA41900D5AD0097511F /* Build configuration list for PBXNativeTarget "RecipeBuddy" */ = {
			isa = XCConfigurationList;
			buildConfigurations = (
				49C3DDA51900D5AD0097511F /* Debug */,
				49C3DDA61900D5AD0097511F /* Release */,
			);
			defaultConfigurationIsVisible = 0;
			defaultConfigurationName = Release;
		};
		49C3DDA71900D5AD0097511F /* Build configuration list for PBXNativeTarget "RecipeBuddyTests" */ = {
			isa = XCConfigurationList;
			buildConfigurations = (
				49C3DDA81900D5AD0097511F /* Debug */,
				49C3DDA91900D5AD0097511F /* Release */,
			);
			defaultConfigurationIsVisible = 0;
			defaultConfigurationName = Release;
		};
/* End XCConfigurationList section */
	};
	rootObject = 49C3DD6A1900D5AD0097511F /* Project object */;
}
